dependencies:
- name: node-feature-discovery
  repository: https://kubernetes-sigs.github.io/node-feature-discovery/charts
  version: 0.16.1
- name: kmm
  repository: file://./charts/kmm
  version: 0.0.1
digest: sha256:1af1956a6bc0073bad4cc86d0a9f49a27f0362af810a2b5034881cc4cefb1cb0
generated: "2024-10-08T19:40:53.396957006Z"
