dependencies:
- name: node-feature-discovery
  repository: https://kubernetes-sigs.github.io/node-feature-discovery/charts
  version: 0.16.1
- name: kmm
  repository: file://./charts/kmm
  version: 1.0.0
digest: sha256:cef900937d1880e8b481a570f358833c6ac2e8ec7aaadb49708ffe5aed3ede01
generated: "2024-10-29T00:55:55.529406578Z"
